version: 6
environments:
  default:
    channels:
    - url: https://conda.anaconda.org/conda-forge/
    indexes:
    - https://pypi.org/simple
    options:
      pypi-prerelease-mode: if-necessary-or-explicit
    packages:
      linux-64:
      - conda: https://conda.anaconda.org/conda-forge/linux-64/_openmp_mutex-4.5-20_gnu.conda
      - conda: https://conda.anaconda.org/conda-forge/linux-64/bzip2-1.0.8-hda65f42_10.conda
      - conda: https://conda.anaconda.org/conda-forge/noarch/ca-certificates-2026.7.22-hbd8a1cb_0.conda
      - conda: https://conda.anaconda.org/conda-forge/linux-64/icu-78.3-py310h44b86e0_2.conda
      - conda: https://conda.anaconda.org/conda-forge/linux-64/ld_impl_linux-64-2.46.1-default_hbd61a6d_102.conda
      - conda: https://conda.anaconda.org/conda-forge/linux-64/libacl-2.4.0-h1b0031e_2.conda
      - conda: https://conda.anaconda.org/conda-forge/linux-64/libattr-2.6.0-h11a17bc_1.conda
      - conda: https://conda.anaconda.org/conda-forge/linux-64/libffi-3.4.6-h2dba641_1.conda
      - conda: https://conda.anaconda.org/conda-forge/linux-64/libgcc-16.2.0-ha9f2e26_4.conda
      - conda: https://conda.anaconda.org/conda-forge/linux-64/libgcc-ng-16.2.0-h69a702a_4.conda
      - conda: https://conda.anaconda.org/conda-forge/linux-64/libgomp-16.2.0-he0feb66_4.conda
      - conda: https://conda.anaconda.org/conda-forge/linux-64/liblzma-5.8.3-hb03c661_1.conda
      - conda: https://conda.anaconda.org/conda-forge/linux-64/liblzma-devel-5.8.3-hb03c661_1.conda
      - conda: https://conda.anaconda.org/conda-forge/linux-64/libnsl-2.0.1-hb9d3cd8_1.conda
      - conda: https://conda.anaconda.org/conda-forge/linux-64/libsqlite-3.53.4-h13e7031_1.conda
      - conda: https://conda.anaconda.org/conda-forge/linux-64/libstdcxx-16.2.0-h934c35e_4.conda
      - conda: https://conda.anaconda.org/conda-forge/linux-64/libuuid-2.42.3-hcfc3c73_0.conda
      - conda: https://conda.anaconda.org/conda-forge/linux-64/libzlib-1.3.2-h25fd6f3_3.conda
      - conda: https://conda.anaconda.org/conda-forge/linux-64/ncurses-6.6-hdb14827_1.conda
      - conda: https://conda.anaconda.org/conda-forge/linux-64/openssl-3.6.4-h781a0a9_0.conda
      - conda: https://conda.anaconda.org/conda-forge/linux-64/python-3.10.0-h543edf9_3_cpython.tar.bz2
      - conda: https://conda.anaconda.org/conda-forge/linux-64/readline-8.3-hd6e31c0_1.conda
      - conda: https://conda.anaconda.org/conda-forge/linux-64/sqlite-3.53.4-h9ffa6c4_1.conda
      - conda: https://conda.anaconda.org/conda-forge/linux-64/tk-8.6.13-noxft_h1df4ec4_4.conda
      - conda: https://conda.anaconda.org/conda-forge/noarch/tzdata-2026c-h151e31d_0.conda
      - conda: https://conda.anaconda.org/conda-forge/linux-64/xz-5.8.3-ha02ee65_1.conda
      - conda: https://conda.anaconda.org/conda-forge/linux-64/xz-gpl-tools-5.8.3-ha02ee65_1.conda
      - conda: https://conda.anaconda.org/conda-forge/linux-64/xz-tools-5.8.3-hb03c661_1.conda
      - conda: https://conda.anaconda.org/conda-forge/linux-64/zstd-1.5.7-hb78ec9c_7.conda
      - pypi: https://files.pythonhosted.org/packages/99/91/8acff4f5e50511b911bbccb72b8628a49c68ce14148cd9f6431094859a90/annotated_types-0.8.0-py3-none-any.whl
      - pypi: https://files.pythonhosted.org/packages/10/cb/f2ad4230dc2eb1a74edf38f1a38b9b52277f75bef262d8908e60d957e13c/blinker-1.9.0-py3-none-any.whl
      - pypi: https://files.pythonhosted.org/packages/0b/a7/71ac2cff56fec219ed242bb11b8efb69fcc4bec75db06fb7bfe35de520e6/certifi-2026.7.22-py3-none-any.whl
      - pypi: https://files.pythonhosted.org/packages/32/cd/4f564b8f132de25db594efc706897069f016790cea63a5669c9df2675f64/charset_normalizer-3.5.1-cp310-cp310-manylinux2014_x86_64.manylinux_2_17_x86_64.manylinux_2_28_x86_64.whl
      - pypi: https://files.pythonhosted.org/packages/58/50/6c0d534c5f134586a8e1ba4e330569e32f057e33372ae556463212fb4cd3/click-8.5.0-py3-none-any.whl
      - pypi: https://files.pythonhosted.org/packages/b2/10/388c4a697275417a6974033e6ea7235d61e648e6c39d9cc06fcc6a6f71d4/dash-2.15.0-py3-none-any.whl
      - pypi: https://files.pythonhosted.org/packages/cd/2a/cf963336e8b6745406d357e2f2b33ff1f236531fcadbe250096931855ec0/dash_bootstrap_components-1.5.0-py3-none-any.whl
      - pypi: https://files.pythonhosted.org/packages/00/9e/a29f726e84e531a36d56cff187e61d8c96d2cc253c5bcef9a7695acb7e6a/dash_core_components-2.0.0-py3-none-any.whl
      - pypi: https://files.pythonhosted.org/packages/75/65/1b16b853844ef59b2742a7de74a598f376ac0ab581f0dcc34db294e5c90e/dash_html_components-2.0.0-py3-none-any.whl
      - pypi: https://files.pythonhosted.org/packages/da/ce/43f77dc8e7bbad02a9f88d07bf794eaf68359df756a28bb9f2f78e255bb1/dash_table-5.0.0-py3-none-any.whl
      - pypi: https://files.pythonhosted.org/packages/8a/0e/97c33bf5009bdbac74fd2beace167cab3f978feb69cc36f1ef79360d6c4e/exceptiongroup-1.3.1-py3-none-any.whl
      - pypi: https://files.pythonhosted.org/packages/61/80/ffe1da13ad9300f87c93af113edd0638c75138c42a0994becfacac078c06/flask-3.0.3-py3-none-any.whl
      - pypi: https://files.pythonhosted.org/packages/fe/85/7522a52e5e2f42faf1a129113ab63e548c42e103e9af395b7bfe65e403e2/gunicorn-26.2.0-py3-none-any.whl
      - pypi: https://files.pythonhosted.org/packages/57/b0/0e52c878c53f245edd3a11020f20979b3f490f245af532c7cae3027754b5/idna-3.19-py3-none-any.whl
      - pypi: https://files.pythonhosted.org/packages/b3/55/ecca97ae19075f1fac62def77731e7f535e6c1fb8f92ff08160c5e6dade8/importlib_metadata-9.0.1-py3-none-any.whl
      - pypi: https://files.pythonhosted.org/packages/cb/b1/3846dd7f199d53cb17f49cba7e651e9ce294d8497c8c150530ed11865bb8/iniconfig-2.3.0-py3-none-any.whl
      - pypi: https://files.pythonhosted.org/packages/04/96/92447566d16df59b2a776c0fb82dbc4d9e07cd95062562af01e408583fc4/itsdangerous-2.2.0-py3-none-any.whl
      - pypi: https://files.pythonhosted.org/packages/62/a1/3d680cbfd5f4b8f15abc1d571870c5fc3e594bb582bc3b64ea099db13e56/jinja2-3.1.6-py3-none-any.whl
      - pypi: https://files.pythonhosted.org/packages/af/cd/ce6e848bbf2c32314c9b237839119c5a564a59725b53157c856e90937b7a/markupsafe-3.0.3-cp310-cp310-manylinux2014_x86_64.manylinux_2_17_x86_64.manylinux_2_28_x86_64.whl
      - pypi: https://files.pythonhosted.org/packages/eb/dc/55481808fd70ef1567cf13540ffd4702af3f74b112e35427564b03f79c2d/narwhals-2.25.0-py3-none-any.whl
      - pypi: https://files.pythonhosted.org/packages/a0/c4/c2971a3ba4c6103a3d10c4b0f24f461ddc027f0f09763220cf35ca1401b3/nest_asyncio-1.6.0-py3-none-any.whl
      - pypi: https://files.pythonhosted.org/packages/63/34/ba1c580383c9eada3711951fef0795c80b829a078d72188184bcab9dd527/packaging-26.3-py3-none-any.whl
      - pypi: https://files.pythonhosted.org/packages/e0/2f/6f492108d9955bac97979d9949c1b35eab30fc630b1f22bbdd2c7cacbab4/plotly-7.0.0-py3-none-any.whl
      - pypi: https://files.pythonhosted.org/packages/54/20/4d324d65cc6d9205fabedc306948156824eb9f0ee1633355a8f7ec5c66bf/pluggy-1.6.0-py3-none-any.whl
      - pypi: https://files.pythonhosted.org/packages/e5/f3/8296f550276194a58c5500d55b19a27ae0a5a3a51ffef66710c58544b32d/pydantic-2.6.4-py3-none-any.whl
      - pypi: https://files.pythonhosted.org/packages/b8/be/a3c2edde00afcf5cdc0fb710ce0289f5af776273f420b4486cf005c94b57/pydantic_core-2.16.3-cp310-cp310-manylinux_2_17_x86_64.manylinux2014_x86_64.whl
      - pypi: https://files.pythonhosted.org/packages/71/46/17f022dd3e953bf20a04a028a21ec746d942f8d2af30fa0f124fa0e6a684/pygments-2.21.0-py3-none-any.whl
      - pypi: https://files.pythonhosted.org/packages/cd/9e/e23f907c8e2cdc721c3d87eddda0cedee2f7cd7edf22f8439cee67f48a03/pylibacl-0.7.3.tar.gz
      - pypi: https://files.pythonhosted.org/packages/24/25/1de2678b631f5a49215c6c96fff41ba892b0a34df68d6d80292b1b48aa7f/pytest-9.1.1-py3-none-any.whl
      - pypi: https://files.pythonhosted.org/packages/a0/f4/c67b0b3f1b9245e8d266f0f112c500d50e5b4e83cb6f3b71b6528104182a/requests-2.34.2-py3-none-any.whl
      - pypi: https://files.pythonhosted.org/packages/67/f3/6cd296376653270ac1b423bb30bd70942d9916b6978c6f40472d6ac038e7/retrying-1.4.2-py3-none-any.whl
      - pypi: https://files.pythonhosted.org/packages/95/9c/c510029fc6ef33a6275cd2c5d3cecd6613dfd6aa401d57c54f1c18852ccf/setuptools-84.0.0-py3-none-any.whl
      - pypi: https://files.pythonhosted.org/packages/7b/61/cceae43728b7de99d9b847560c262873a1f6c98202171fd5ed62640b494b/tomli-2.4.1-py3-none-any.whl
      - pypi: https://files.pythonhosted.org/packages/49/d3/b8441a820a491ddfc024b0b0cf0393375b75ea13866d9c66727e54c2fc80/typing_extensions-4.16.0-py3-none-any.whl
      - pypi: https://files.pythonhosted.org/packages/7f/3e/5db95bcf282c52709639744ca2a8b149baccf648e39c8cc87553df9eae0c/urllib3-2.7.0-py3-none-any.whl
      - pypi: https://files.pythonhosted.org/packages/6c/69/05837f91dfe42109203ffa3e488214ff86a6d68b2ed6c167da6cdc42349b/werkzeug-3.0.6-py3-none-any.whl
      - pypi: https://files.pythonhosted.org/packages/3a/13/547360d81e6d88d58492968ffda9f9542854f11310ee556fef14260cc886/zipp-4.1.0-py3-none-any.whl
      - pypi: ./
packages:
- conda: https://conda.anaconda.org/conda-forge/linux-64/_openmp_mutex-4.5-20_gnu.conda
  build_number: 20
  sha256: 1dd3fffd892081df9726d7eb7e0dea6198962ba775bd88842135a4ddb4deb3c9
  md5: a9f577daf3de00bca7c3c76c0ecbd1de
  depends:
  - __glibc >=2.17,<3.0.a0
  - libgomp >=7.5.0
  constrains:
  - openmp_impl <0.0a0
  license: BSD-3-Clause
  license_family: BSD
  purls: []
  size: 28948
  timestamp: 1770939786096
- pypi: ./
  name: acledit
  version: 0.0.0
  sha256: b20edd33145d2e9a12ad58c8b8dd34a926995378a36a5a1016c82dc8404ba0be
  requires_dist:
  - dash~=2.15.0
  - dash-bootstrap-components~=1.5.0
  - pylibacl~=0.7.0
  - pydantic~=2.6.1
  - gunicorn ; extra == 'server'
  - pytest ; extra == 'dev'
  requires_python: '>=3.10'
- pypi: https://files.pythonhosted.org/packages/99/91/8acff4f5e50511b911bbccb72b8628a49c68ce14148cd9f6431094859a90/annotated_types-0.8.0-py3-none-any.whl
  name: annotated-types
  version: 0.8.0
  sha256: f072f4d804ea359e4eaf198b1af7a8b0943881a87f31bb764f8bf219bb9419e0
  requires_python: '>=3.10'
- pypi: https://files.pythonhosted.org/packages/10/cb/f2ad4230dc2eb1a74edf38f1a38b9b52277f75bef262d8908e60d957e13c/blinker-1.9.0-py3-none-any.whl
  name: blinker
  version: 1.9.0
  sha256: ba0efaa9080b619ff2f3459d1d500c57bddea4a6b424b60a91141db6fd2f08bc
  requires_python: '>=3.9'
- conda: https://conda.anaconda.org/conda-forge/linux-64/bzip2-1.0.8-hda65f42_10.conda
  sha256: 1a0d382c515ebf55f8ee1f38c8b81bc95af5c2acc42ad53b66bc5df932032f96
  md5: e675fabcf81499adc7edf58124fb1e01
  depends:
  - __glibc >=2.17,<3.0.a0
  - libgcc >=14
  license: bzip2-1.0.6
  license_family: BSD
  purls: []
  size: 257808
  timestamp: 1785906269155
- conda: https://conda.anaconda.org/conda-forge/noarch/ca-certificates-2026.7.22-hbd8a1cb_0.conda
  sha256: 0a0544cf95f64394fe4959286f5c71f5444ad58feb0602e53becb27448d24da6
  md5: 0f51e2391ade309db462a55611263e9c
  depends:
  - __unix
  license: ISC
  purls: []
  size: 131780
  timestamp: 1784754889428
- pypi: https://files.pythonhosted.org/packages/0b/a7/71ac2cff56fec219ed242bb11b8efb69fcc4bec75db06fb7bfe35de520e6/certifi-2026.7.22-py3-none-any.whl
  name: certifi
  version: 2026.7.22
  sha256: 62f22742b58a1a33014a2b6b706588a8d7e2a88ae7bd1a6ebe8c992928483775
  requires_python: '>=3.7'
- pypi: https://files.pythonhosted.org/packages/32/cd/4f564b8f132de25db594efc706897069f016790cea63a5669c9df2675f64/charset_normalizer-3.5.1-cp310-cp310-manylinux2014_x86_64.manylinux_2_17_x86_64.manylinux_2_28_x86_64.whl
  name: charset-normalizer
  version: 3.5.1
  sha256: 96eefc178f8636b9c760c5829345307fd81cfae9ab1e80997dbddeb0f54ee9a3
  requires_python: '>=3.7'
- pypi: https://files.pythonhosted.org/packages/58/50/6c0d534c5f134586a8e1ba4e330569e32f057e33372ae556463212fb4cd3/click-8.5.0-py3-none-any.whl
  name: click
  version: 8.5.0
  sha256: 255bc9599cf7748b4b1a446ccc735421bd08a2ae529a8b88597d3de5664ee360
  requires_python: '>=3.10'
- pypi: https://files.pythonhosted.org/packages/b2/10/388c4a697275417a6974033e6ea7235d61e648e6c39d9cc06fcc6a6f71d4/dash-2.15.0-py3-none-any.whl
  name: dash
  version: 2.15.0
  sha256: df1882bbf613e4ca4372281c8facbeb68e97d76720336b051bf84c75d2de8588
  requires_dist:
  - flask>=1.0.4,<3.1
  - werkzeug<3.1
  - plotly>=5.0.0
  - dash-html-components==2.0.0
  - dash-core-components==2.0.0
  - dash-table==5.0.0
  - typing-extensions>=4.1.1
  - requests
  - retrying
  - nest-asyncio
  - setuptools
  - importlib-metadata==4.8.3 ; python_full_version < '3.7'
  - contextvars==2.4 ; python_full_version < '3.7'
  - importlib-metadata ; python_full_version >= '3.7'
  - redis>=3.5.3 ; extra == 'celery'
  - celery[redis]>=5.1.2 ; extra == 'celery'
  - importlib-metadata<5 ; python_full_version < '3.8' and extra == 'celery'
  - dash-flow-example==0.0.5 ; extra == 'ci'
  - dash-dangerously-set-inner-html ; extra == 'ci'
  - flake8==3.9.2 ; extra == 'ci'
  - flaky==3.7.0 ; extra == 'ci'
  - flask-talisman==1.0.0 ; extra == 'ci'
  - mimesis<=11.1.0 ; extra == 'ci'
  - mock==4.0.3 ; extra == 'ci'
  - numpy<=1.25.2 ; extra == 'ci'
  - preconditions ; extra == 'ci'
  - pylint==2.13.5 ; extra == 'ci'
  - pytest-mock ; extra == 'ci'
  - pytest-sugar==0.9.6 ; extra == 'ci'
  - pytest-rerunfailures ; extra == 'ci'
  - jupyterlab<4.0.0 ; extra == 'ci'
  - black==21.6b0 ; python_full_version < '3.7' and extra == 'ci'
  - isort==4.3.21 ; python_full_version < '3.7' and extra == 'ci'
  - orjson==3.5.4 ; python_full_version < '3.7' and extra == 'ci'
  - pyarrow<3 ; python_full_version < '3.7' and extra == 'ci'
  - pandas==1.1.5 ; python_full_version < '3.8' and extra == 'ci'
  - xlrd<2 ; python_full_version < '3.8' and extra == 'ci'
  - black==22.3.0 ; python_full_version >= '3.7' and extra == 'ci'
  - orjson==3.6.7 ; python_full_version >= '3.7' and extra == 'ci'
  - pyarrow ; python_full_version >= '3.7' and extra == 'ci'
  - openpyxl ; python_full_version >= '3.8' and extra == 'ci'
  - pandas>=1.4.0 ; python_full_version >= '3.8' and extra == 'ci'
  - xlrd>=2.0.1 ; python_full_version >= '3.8' and extra == 'ci'
  - flask-compress ; extra == 'compress'
  - coloredlogs>=15.0.1 ; extra == 'dev'
  - fire>=0.4.0 ; extra == 'dev'
  - pyyaml>=5.4.1 ; extra == 'dev'
  - diskcache>=5.2.1 ; extra == 'diskcache'
  - multiprocess>=0.70.12 ; extra == 'diskcache'
  - psutil>=5.8.0 ; extra == 'diskcache'
  - beautifulsoup4>=4.8.2 ; extra == 'testing'
  - lxml>=4.6.2 ; extra == 'testing'
  - percy>=2.0.2 ; extra == 'testing'
  - pytest>=6.0.2 ; extra == 'testing'
  - requests[security]>=2.21.0 ; extra == 'testing'
  - selenium>=3.141.0,<=4.2.0 ; extra == 'testing'
  - waitress>=1.4.4 ; extra == 'testing'
  - multiprocess>=0.70.12 ; extra == 'testing'
  - psutil>=5.8.0 ; extra == 'testing'
  - dash-testing-stub>=0.0.2 ; extra == 'testing'
  - cryptography<3.4 ; python_full_version < '3.7' and extra == 'testing'
  requires_python: '>=3.6'
- pypi: https://files.pythonhosted.org/packages/cd/2a/cf963336e8b6745406d357e2f2b33ff1f236531fcadbe250096931855ec0/dash_bootstrap_components-1.5.0-py3-none-any.whl
  name: dash-bootstrap-components
  version: 1.5.0
  sha256: b487fec1a85e3d6a8564fe04c0a9cd9e846f75ea9e563456ed3879592889c591
  requires_dist:
  - dash>=2.0.0
  - numpy ; extra == 'pandas'
  - pandas ; extra == 'pandas'
  requires_python: '>=3.7,<4'
- pypi: https://files.pythonhosted.org/packages/00/9e/a29f726e84e531a36d56cff187e61d8c96d2cc253c5bcef9a7695acb7e6a/dash_core_components-2.0.0-py3-none-any.whl
  name: dash-core-components
  version: 2.0.0
  sha256: 52b8e8cce13b18d0802ee3acbc5e888cb1248a04968f962d63d070400af2e346
- pypi: https://files.pythonhosted.org/packages/75/65/1b16b853844ef59b2742a7de74a598f376ac0ab581f0dcc34db294e5c90e/dash_html_components-2.0.0-py3-none-any.whl
  name: dash-html-components
  version: 2.0.0
  sha256: b42cc903713c9706af03b3f2548bda4be7307a7cf89b7d6eae3da872717d1b63
- pypi: https://files.pythonhosted.org/packages/da/ce/43f77dc8e7bbad02a9f88d07bf794eaf68359df756a28bb9f2f78e255bb1/dash_table-5.0.0-py3-none-any.whl
  name: dash-table
  version: 5.0.0
  sha256: 19036fa352bb1c11baf38068ec62d172f0515f73ca3276c79dee49b95ddc16c9
- pypi: https://files.pythonhosted.org/packages/8a/0e/97c33bf5009bdbac74fd2beace167cab3f978feb69cc36f1ef79360d6c4e/exceptiongroup-1.3.1-py3-none-any.whl
  name: exceptiongroup
  version: 1.3.1
  sha256: a7a39a3bd276781e98394987d3a5701d0c4edffb633bb7a5144577f82c773598
  requires_dist:
  - typing-extensions>=4.6.0 ; python_full_version < '3.13'
  - pytest>=6 ; extra == 'test'
  requires_python: '>=3.7'
- pypi: https://files.pythonhosted.org/packages/61/80/ffe1da13ad9300f87c93af113edd0638c75138c42a0994becfacac078c06/flask-3.0.3-py3-none-any.whl
  name: flask
  version: 3.0.3
  sha256: 34e815dfaa43340d1d15a5c3a02b8476004037eb4840b34910c6e21679d288f3
  requires_dist:
  - werkzeug>=3.0.0
  - jinja2>=3.1.2
  - itsdangerous>=2.1.2
  - click>=8.1.3
  - blinker>=1.6.2
  - importlib-metadata>=3.6.0 ; python_full_version < '3.10'
  - asgiref>=3.2 ; extra == 'async'
  - python-dotenv ; extra == 'dotenv'
  requires_python: '>=3.8'
- pypi: https://files.pythonhosted.org/packages/fe/85/7522a52e5e2f42faf1a129113ab63e548c42e103e9af395b7bfe65e403e2/gunicorn-26.2.0-py3-none-any.whl
  name: gunicorn
  version: 26.2.0
  sha256: bd249d0b3f7972f7432f0a6b6ff3b3ee2d129f70cd1ff6c09a9dd9e29a2b88e3
  requires_dist:
  - gevent>=24.10.1 ; extra == 'gevent'
  - packaging ; extra == 'gevent'
  - tornado>=6.5.7 ; extra == 'tornado'
  - setproctitle ; extra == 'setproctitle'
  - h2>=4.4.1 ; extra == 'http2'
  - gunicorn-h1c>=0.6.9 ; extra == 'fast'
  - gevent>=24.10.1 ; extra == 'testing'
  - h2>=4.4.1 ; extra == 'testing'
  - coverage ; extra == 'testing'
  - packaging ; extra == 'testing'
  - pytest>=9.0.3 ; extra == 'testing'
  - pytest-cov ; extra == 'testing'
  - pytest-asyncio ; extra == 'testing'
  - uvloop>=0.19.0 ; extra == 'testing'
  - httpx[http2]>=0.23.0 ; extra == 'testing'
  - inotify>=0.2.10 ; sys_platform == 'linux' and extra == 'testing'
  requires_python: '>=3.10'
- conda: https://conda.anaconda.org/conda-forge/linux-64/icu-78.3-py310h44b86e0_2.conda
  sha256: 9f07834f0c546ab14d885ce0366285f61f44e326c0edd1fc63b8294e113ae432
  md5: 72a381cbad04f24b1c2a43ef707f45b4
  depends:
  - __glibc >=2.17,<3.0.a0
  - libstdcxx >=14
  - libgcc >=14
  license: MIT
  license_family: MIT
  purls: []
  size: 14459115
  timestamp: 1786545741408
- pypi: https://files.pythonhosted.org/packages/57/b0/0e52c878c53f245edd3a11020f20979b3f490f245af532c7cae3027754b5/idna-3.19-py3-none-any.whl
  name: idna
  version: '3.19'
  sha256: 815e7be7a7806d54abb586dc943addc79e8b2ee16915059658cbeff4b1b43bf4
  requires_dist:
  - ruff>=0.16.0 ; extra == 'all'
  - mypy>=1.11.2 ; extra == 'all'
  - ty>=0.0.37 ; extra == 'all'
  - pytest>=8.3.2 ; extra == 'all'
  - hypothesis>=6.141.1 ; extra == 'all'
  - coverage>=7.10.0 ; extra == 'all'
  requires_python: '>=3.9'
- pypi: https://files.pythonhosted.org/packages/b3/55/ecca97ae19075f1fac62def77731e7f535e6c1fb8f92ff08160c5e6dade8/importlib_metadata-9.0.1-py3-none-any.whl
  name: importlib-metadata
  version: 9.0.1
  sha256: bba5600596a7e21f3eef53281cf28d6a5195634d2f2b78ff9501a3272c6eaab0
  requires_dist:
  - zipp>=3.20
  - pytest>=6,!=8.1.* ; extra == 'test'
  - packaging ; extra == 'test'
  - pyfakefs ; extra == 'test'
  - pytest-perf>=0.17 ; extra == 'test'
  - sphinx>=3.5 ; extra == 'doc'
  - jaraco-packaging>=9.3 ; extra == 'doc'
  - rst-linker>=1.9 ; extra == 'doc'
  - furo ; extra == 'doc'
  - sphinx-lint ; extra == 'doc'
  - jaraco-tidelift>=1.4 ; extra == 'doc'
  - ipython ; extra == 'perf'
  - pytest-checkdocs>=2.14 ; extra == 'check'
  - pytest-ruff>=0.2.1 ; sys_platform != 'cygwin' and extra == 'check'
  - pytest-cov ; extra == 'cover'
  - pytest-enabler>=3.4 ; extra == 'enabler'
  - pytest-mypy>=1.0.1 ; platform_python_implementation != 'PyPy' and extra == 'type'
  requires_python: '>=3.10'
- pypi: https://files.pythonhosted.org/packages/cb/b1/3846dd7f199d53cb17f49cba7e651e9ce294d8497c8c150530ed11865bb8/iniconfig-2.3.0-py3-none-any.whl
  name: iniconfig
  version: 2.3.0
  sha256: f631c04d2c48c52b84d0d0549c99ff3859c98df65b3101406327ecc7d53fbf12
  requires_python: '>=3.10'
- pypi: https://files.pythonhosted.org/packages/04/96/92447566d16df59b2a776c0fb82dbc4d9e07cd95062562af01e408583fc4/itsdangerous-2.2.0-py3-none-any.whl
  name: itsdangerous
  version: 2.2.0
  sha256: c6242fc49e35958c8b15141343aa660db5fc54d4f13a1db01a3f5891b98700ef
  requires_python: '>=3.8'
- pypi: https://files.pythonhosted.org/packages/62/a1/3d680cbfd5f4b8f15abc1d571870c5fc3e594bb582bc3b64ea099db13e56/jinja2-3.1.6-py3-none-any.whl
  name: jinja2
  version: 3.1.6
  sha256: 85ece4451f492d0c13c5dd7c13a64681a86afae63a5f347908daf103ce6d2f67
  requires_dist:
  - markupsafe>=2.0
  - babel>=2.7 ; extra == 'i18n'
  requires_python: '>=3.7'
- conda: https://conda.anaconda.org/conda-forge/linux-64/ld_impl_linux-64-2.46.1-default_hbd61a6d_102.conda
  sha256: 27d83f1188cd19bcb7754a078b3fa7f4cfb8527f8eb2fde54dd01fc529d1adec
  md5: 449500f2c089da11c40f5c21312e3e07
  depends:
  - __glibc >=2.17,<3.0.a0
  - zstd >=1.5.7,<1.6.0a0
  constrains:
  - binutils_impl_linux-64 2.46.1
  license: GPL-3.0-only
  license_family: GPL
  purls: []
  size: 745303
  timestamp: 1784214507189
- conda: https://conda.anaconda.org/conda-forge/linux-64/libacl-2.4.0-h1b0031e_2.conda
  sha256: fe541e87061b8ad38d3d9bec8be95b72693d24a10cde5be4759a24ac11d02d15
  md5: af925ec442e5e7b1ccb4411a2246c489
  depends:
  - libgcc >=14
  - __glibc >=2.17,<3.0.a0
  - libattr >=2.6.0,<2.7.0a0
  license: GPL-2.0-or-later
  license_family: GPL
  purls: []
  size: 131997
  timestamp: 1786151411925
- conda: https://conda.anaconda.org/conda-forge/linux-64/libattr-2.6.0-h11a17bc_1.conda
  sha256: d92bbc34c982afabca44df73a6656ce75aa85a0e1c3acbef863627ed1a1563f0
  md5: 49a4dd4a591a15d1ae9fbb9dc5e60d77
  depends:
  - __glibc >=2.17,<3.0.a0
  - libgcc >=14
  license: LGPL-2.1-or-later
  license_family: LGPL
  purls: []
  size: 63644
  timestamp: 1785980561138
- conda: https://conda.anaconda.org/conda-forge/linux-64/libffi-3.4.6-h2dba641_1.conda
  sha256: 764432d32db45466e87f10621db5b74363a9f847d2b8b1f9743746cd160f06ab
  md5: ede4673863426c0883c0063d853bbd85
  depends:
  - __glibc >=2.17,<3.0.a0
  - libgcc >=13
  license: MIT
  license_family: MIT
  purls: []
  size: 57433
  timestamp: 1743434498161
- conda: https://conda.anaconda.org/conda-forge/linux-64/libgcc-16.2.0-ha9f2e26_4.conda
  sha256: 24090e675d34403b4ee1cd4372d8f6c0937da7ecfd66a19a57cac2ed0f4ea793
  md5: cba14d01083fc62ffd32c24d7d390633
  depends:
  - __glibc >=2.17,<3.0.a0
  - _openmp_mutex >=4.5
  constrains:
  - libgcc-ng ==16.2.0=*_4
  - libgomp 16.2.0 he0feb66_4
  license: GPL-3.0-only WITH GCC-exception-3.1
  license_family: GPL
  purls: []
  size: 1058083
  timestamp: 1787618680111
- conda: https://conda.anaconda.org/conda-forge/linux-64/libgcc-ng-16.2.0-h69a702a_4.conda
  sha256: d8e66c14e23f2b3c70410cff5979d9d357e6edfb990b28d8e630852f4d395629
  md5: b3e52878163a841f6fb951989cc0b217
  depends:
  - libgcc 16.2.0 ha9f2e26_4
  license: GPL-3.0-only WITH GCC-exception-3.1
  license_family: GPL
  purls: []
  size: 28403
  timestamp: 1787618684957
- conda: https://conda.anaconda.org/conda-forge/linux-64/libgomp-16.2.0-he0feb66_4.conda
  sha256: 0fe5cb8e0752241ab55e11656ed1b9726248b522d23b929fe7c95b83eb55b9bb
  md5: 89d2c1231f47bd818f5d624b9411459d
  depends:
  - __glibc >=2.17,<3.0.a0
  license: GPL-3.0-only WITH GCC-exception-3.1
  license_family: GPL
  purls: []
  size: 639968
  timestamp: 1787618616266
- conda: https://conda.anaconda.org/conda-forge/linux-64/liblzma-5.8.3-hb03c661_1.conda
  sha256: 9787df8c22a59c9a70d3e5a10db9ad663485e75e9ccc3f09bd092cb7b95e0dab
  md5: 1390b7c5ac0b1d8e447bc5efa6d3c8c2
  depends:
  - __glibc >=2.17,<3.0.a0
  - libgcc >=14
  constrains:
  - xz 5.8.3.*
  license: 0BSD
  purls: []
  size: 112995
  timestamp: 1786348617826
- conda: https://conda.anaconda.org/conda-forge/linux-64/liblzma-devel-5.8.3-hb03c661_1.conda
  sha256: adef6e8b60afb684110b06b5310977c6836e1c923ce3ec199f45c0f000b42f20
  md5: 6d83d6a332c19424e9e66b69b180ec11
  depends:
  - __glibc >=2.17,<3.0.a0
  - libgcc >=14
  - liblzma 5.8.3 hb03c661_1
  license: 0BSD
  purls: []
  size: 491970
  timestamp: 1786348627135
- conda: https://conda.anaconda.org/conda-forge/linux-64/libnsl-2.0.1-hb9d3cd8_1.conda
  sha256: 927fe72b054277cde6cb82597d0fcf6baf127dcbce2e0a9d8925a68f1265eef5
  md5: d864d34357c3b65a4b731f78c0801dc4
  depends:
  - __glibc >=2.17,<3.0.a0
  - libgcc >=13
  license: LGPL-2.1-only
  license_family: GPL
  purls: []
  size: 33731
  timestamp: 1750274110928
- conda: https://conda.anaconda.org/conda-forge/linux-64/libsqlite-3.53.4-h13e7031_1.conda
  sha256: f20d70da54e5b31dd4a51fb1efeaafafd5ab6dd8d7ac9d1438eaa2526ac4ed3d
  md5: e72bbec309c2b0f37823ee7d4fabfcd3
  depends:
  - __glibc >=2.17,<3.0.a0
  - icu >=78.3,<79.0a0
  - libgcc >=15
  - libzlib >=1.3.2,<2.0a0
  license: blessing
  purls: []
  size: 974348
  timestamp: 1787051145557
- conda: https://conda.anaconda.org/conda-forge/linux-64/libstdcxx-16.2.0-h934c35e_4.conda
  sha256: 40b792b0186c1e8859280a1f6f19a54fc50a11b32724fc7b637009c1a9bd302b
  md5: 2f2ef0d96de5bdd8c1270ff22fdf9352
  depends:
  - __glibc >=2.17,<3.0.a0
  - libgcc 16.2.0 ha9f2e26_4
  constrains:
  - libstdcxx-ng ==16.2.0=*_4
  license: GPL-3.0-only WITH GCC-exception-3.1
  license_family: GPL
  purls: []
  size: 6613148
  timestamp: 1787618704262
- conda: https://conda.anaconda.org/conda-forge/linux-64/libuuid-2.42.3-hcfc3c73_0.conda
  sha256: aa58bbba56644ffd062a4a9b358782c5eb7560ccead2ab8f7c5c6ede0a7d33a6
  md5: 74a0a409d9f4561265d36b789d3f398a
  depends:
  - __glibc >=2.17,<3.0.a0
  - libgcc >=15
  license: BSD-3-Clause
  license_family: BSD
  purls: []
  size: 39998
  timestamp: 1788347719520
- conda: https://conda.anaconda.org/conda-forge/linux-64/libzlib-1.3.2-h25fd6f3_3.conda
  sha256: eb8a0db0aa570124f7d2a93d7c7f596e3390df5e047818d873baad32985fc736
  md5: 0de0122d9570a8ab637c6b73db268389
  depends:
  - __glibc >=2.17,<3.0.a0
  constrains:
  - zlib 1.3.2 *_3
  license: Zlib
  license_family: Other
  purls: []
  size: 63713
  timestamp: 1785362952714
- pypi: https://files.pythonhosted.org/packages/af/cd/ce6e848bbf2c32314c9b237839119c5a564a59725b53157c856e90937b7a/markupsafe-3.0.3-cp310-cp310-manylinux2014_x86_64.manylinux_2_17_x86_64.manylinux_2_28_x86_64.whl
  name: markupsafe
  version: 3.0.3
  sha256: f42d0984e947b8adf7dd6dde396e720934d12c506ce84eea8476409563607591
  requires_python: '>=3.9'
- pypi: https://files.pythonhosted.org/packages/eb/dc/55481808fd70ef1567cf13540ffd4702af3f74b112e35427564b03f79c2d/narwhals-2.25.0-py3-none-any.whl
  name: narwhals
  version: 2.25.0
  sha256: 1f0f403e8c7e4463cde9bfe78b12fdd809e3ae3dda6d9b2f802934fb9c7a6a8f
  requires_dist:
  - cudf-cu12>=24.10.0 ; sys_platform == 'linux' and extra == 'cudf'
  - dask[dataframe]>=2024.8 ; extra == 'dask'
  - duckdb>=1.1 ; extra == 'duckdb'
  - ibis-framework>=6.0.0 ; extra == 'ibis'
  - packaging>=21.3 ; extra == 'ibis'
  - pyarrow-hotfix>=0.7 ; extra == 'ibis'
  - modin>=0.22.0 ; extra == 'modin'
  - pandas>=1.3.4 ; extra == 'pandas'
  - polars>=0.20.4 ; extra == 'polars'
  - pyarrow>=13.0.0 ; extra == 'pyarrow'
  - pyspark>=3.5.0 ; extra == 'pyspark'
  - pyspark[connect]>=3.5.0 ; extra == 'pyspark-connect'
  - narwhals[duckdb] ; extra == 'sql'
  - sqlparse>=0.5.5 ; extra == 'sql'
  - sqlframe>=3.22.0,!=3.39.3 ; extra == 'sqlframe'
  requires_python: '>=3.10'
- conda: https://conda.anaconda.org/conda-forge/linux-64/ncurses-6.6-hdb14827_1.conda
  sha256: 5d46557214ed184381dafe835b7c94a474a1c3b307a08a250b1ea4779b44ffb3
  md5: ee6c0cd80a60961a1f48aa3e0b91f986
  depends:
  - __glibc >=2.17,<3.0.a0
  - libgcc >=14
  license: X11 AND BSD-3-Clause
  purls: []
  size: 911196
  timestamp: 1786355078102
- pypi: https://files.pythonhosted.org/packages/a0/c4/c2971a3ba4c6103a3d10c4b0f24f461ddc027f0f09763220cf35ca1401b3/nest_asyncio-1.6.0-py3-none-any.whl
  name: nest-asyncio
  version: 1.6.0
  sha256: 87af6efd6b5e897c81050477ef65c62e2b2f35d51703cae01aff2905b1852e1c
  requires_python: '>=3.5'
- conda: https://conda.anaconda.org/conda-forge/linux-64/openssl-3.6.4-h781a0a9_0.conda
  sha256: 4747b2d6a8336f52343bceb8a1ebf41a9e6e665b9d2e3f989972de53a310599e
  md5: 16e3034a330cc625f2c685edec60cf4e
  depends:
  - __glibc >=2.17,<3.0.a0
  - ca-certificates
  - libgcc >=15
  license: Apache-2.0
  license_family: Apache
  purls: []
  size: 3202955
  timestamp: 1787698780103
- pypi: https://files.pythonhosted.org/packages/63/34/ba1c580383c9eada3711951fef0795c80b829a078d72188184bcab9dd527/packaging-26.3-py3-none-any.whl
  name: packaging
  version: '26.3'
  sha256: d7193f7c8e4e93f444fde0262bf90af30e16fa0ad0ad44cb553c87339b23cd1c
  requires_python: '>=3.9'
- pypi: https://files.pythonhosted.org/packages/e0/2f/6f492108d9955bac97979d9949c1b35eab30fc630b1f22bbdd2c7cacbab4/plotly-7.0.0-py3-none-any.whl
  name: plotly
  version: 7.0.0
  sha256: 78cbf7bd06d1b05bb3b8ec1b709864695229b55151b6f7530fbf55517ead6fdd
  requires_dist:
  - narwhals>=1.15.1
  - packaging
  - anywidget ; extra == 'dev'
  - build ; extra == 'dev'
  - colorcet ; extra == 'dev'
  - fiona<=1.9.6 ; python_full_version < '3.9' and extra == 'dev'
  - geopandas ; extra == 'dev'
  - inflect ; extra == 'dev'
  - jupyter-builder ; extra == 'dev'
  - jupyterlab ; extra == 'dev'
  - kaleido>=1.3.0 ; extra == 'dev'
  - numpy>=1.22 ; extra == 'dev'
  - orjson ; extra == 'dev'
  - pandas ; extra == 'dev'
  - pdfrw ; extra == 'dev'
  - pillow ; extra == 'dev'
  - polars[timezone] ; extra == 'dev'
  - pyarrow ; extra == 'dev'
  - pytest ; extra == 'dev'
  - pytz ; extra == 'dev'
  - requests ; extra == 'dev'
  - ruff==0.11.12 ; extra == 'dev'
  - scikit-image ; extra == 'dev'
  - scipy ; extra == 'dev'
  - statsmodels ; extra == 'dev'
  - vaex ; python_full_version < '3.10' and extra == 'dev'
  - xarray ; extra == 'dev'
  - build ; extra == 'dev-build'
  - jupyter-builder ; extra == 'dev-build'
  - pytest ; extra == 'dev-build'
  - requests ; extra == 'dev-build'
  - ruff==0.11.12 ; extra == 'dev-build'
  - inflect ; extra == 'dev-codegen'
  - pytest ; extra == 'dev-codegen'
  - requests ; extra == 'dev-codegen'
  - ruff==0.11.12 ; extra == 'dev-codegen'
  - pytest ; extra == 'dev-core'
  - requests ; extra == 'dev-core'
  - ruff==0.11.12 ; extra == 'dev-core'
  - anywidget ; extra == 'dev-optional'
  - build ; extra == 'dev-optional'
  - colorcet ; extra == 'dev-optional'
  - fiona<=1.9.6 ; python_full_version < '3.9' and extra == 'dev-optional'
  - geopandas ; extra == 'dev-optional'
  - inflect ; extra == 'dev-optional'
  - jupyter-builder ; extra == 'dev-optional'
  - jupyterlab ; extra == 'dev-optional'
  - kaleido>=1.3.0 ; extra == 'dev-optional'
  - numpy>=1.22 ; extra == 'dev-optional'
  - orjson ; extra == 'dev-optional'
  - pandas ; extra == 'dev-optional'
  - pdfrw ; extra == 'dev-optional'
  - pillow ; extra == 'dev-optional'
  - polars[timezone] ; extra == 'dev-optional'
  - pyarrow ; extra == 'dev-optional'
  - pytest ; extra == 'dev-optional'
  - pytz ; extra == 'dev-optional'
  - requests ; extra == 'dev-optional'
  - ruff==0.11.12 ; extra == 'dev-optional'
  - scikit-image ; extra == 'dev-optional'
  - scipy ; extra == 'dev-optional'
  - statsmodels ; extra == 'dev-optional'
  - vaex ; python_full_version < '3.10' and extra == 'dev-optional'
  - xarray ; extra == 'dev-optional'
  - numpy>=1,<2 ; extra == 'dev-pandas1'
  - pandas>=1,<2 ; extra == 'dev-pandas1'
  - setuptools<82 ; extra == 'dev-pandas1'
  - pandas>=2,<3 ; extra == 'dev-pandas2'
  - pandas>=3 ; python_full_version >= '3.11' and extra == 'dev-pandas3'
  - numpy>=1.22 ; extra == 'express'
  - kaleido>=1.3.0 ; extra == 'kaleido'
  requires_python: '>=3.8'
- pypi: https://files.pythonhosted.org/packages/54/20/4d324d65cc6d9205fabedc306948156824eb9f0ee1633355a8f7ec5c66bf/pluggy-1.6.0-py3-none-any.whl
  name: pluggy
  version: 1.6.0
  sha256: e920276dd6813095e9377c0bc5566d94c932c33b27a3e3945d8389c374dd4746
  requires_dist:
  - pre-commit ; extra == 'dev'
  - tox ; extra == 'dev'
  - pytest ; extra == 'testing'
  - pytest-benchmark ; extra == 'testing'
  - coverage ; extra == 'testing'
  requires_python: '>=3.9'
- pypi: https://files.pythonhosted.org/packages/e5/f3/8296f550276194a58c5500d55b19a27ae0a5a3a51ffef66710c58544b32d/pydantic-2.6.4-py3-none-any.whl
  name: pydantic
  version: 2.6.4
  sha256: cc46fce86607580867bdc3361ad462bab9c222ef042d3da86f2fb333e1d916c5
  requires_dist:
  - annotated-types>=0.4.0
  - pydantic-core==2.16.3
  - typing-extensions>=4.6.1
  - email-validator>=2.0.0 ; extra == 'email'
  requires_python: '>=3.8'
- pypi: https://files.pythonhosted.org/packages/b8/be/a3c2edde00afcf5cdc0fb710ce0289f5af776273f420b4486cf005c94b57/pydantic_core-2.16.3-cp310-cp310-manylinux_2_17_x86_64.manylinux2014_x86_64.whl
  name: pydantic-core
  version: 2.16.3
  sha256: fc4ad7f7ee1a13d9cb49d8198cd7d7e3aa93e425f371a68235f784e99741561f
  requires_dist:
  - typing-extensions>=4.6.0,!=4.7.0
  requires_python: '>=3.8'
- pypi: https://files.pythonhosted.org/packages/71/46/17f022dd3e953bf20a04a028a21ec746d942f8d2af30fa0f124fa0e6a684/pygments-2.21.0-py3-none-any.whl
  name: pygments
  version: 2.21.0
  sha256: 2363c69b61c4a97c838da3b130dcd6468f4848992b21a82f2a63ec34377137d9
  requires_dist:
  - colorama>=0.4.6 ; extra == 'windows-terminal'
  requires_python: '>=3.9'
- pypi: https://files.pythonhosted.org/packages/cd/9e/e23f907c8e2cdc721c3d87eddda0cedee2f7cd7edf22f8439cee67f48a03/pylibacl-0.7.3.tar.gz
  name: pylibacl
  version: 0.7.3
  sha256: 9d9ffb580e0c582d5de598087f75f6940458b23810c615529143c61b172bf922
  requires_python: '>=3.7'
- pypi: https://files.pythonhosted.org/packages/24/25/1de2678b631f5a49215c6c96fff41ba892b0a34df68d6d80292b1b48aa7f/pytest-9.1.1-py3-none-any.whl
  name: pytest
  version: 9.1.1
  sha256: 37a86b45efb9a47a61a36449063e8e18d0cab3161329fc099eb21783169c4f0c
  requires_dist:
  - colorama>=0.4 ; sys_platform == 'win32'
  - exceptiongroup>=1 ; python_full_version < '3.11'
  - iniconfig>=1.0.1
  - packaging>=22
  - pluggy>=1.5,<2
  - pygments>=2.7.2
  - tomli>=1 ; python_full_version < '3.11'
  - argcomplete ; extra == 'dev'
  - attrs>=19.2 ; extra == 'dev'
  - hypothesis>=3.56 ; extra == 'dev'
  - mock ; extra == 'dev'
  - requests ; extra == 'dev'
  - setuptools ; extra == 'dev'
  - xmlschema ; extra == 'dev'
  requires_python: '>=3.10'
- conda: https://conda.anaconda.org/conda-forge/linux-64/python-3.10.0-h543edf9_3_cpython.tar.bz2
  build_number: 3
  sha256: 0661f43d7bc446c22bfcf1730ad5c7a2ac695c696ba4609bac896cefff879431
  md5: 67cdff58413ce9f034fb971188060313
  depends:
  - bzip2 >=1.0.8,<2.0a0
  - ld_impl_linux-64 >=2.36.1
  - libffi >=3.4.2,<3.5.0a0
  - libgcc-ng >=9.4.0
  - libnsl >=2.0.0,<2.1.0a0
  - libuuid >=2.32.1,<3.0a0
  - libzlib >=1.2.11,<2.0.0a0
  - ncurses >=6.2,<7.0.0a0
  - openssl >=3.0.0,<4.0a0
  - readline >=8.1,<9.0a0
  - sqlite >=3.36.0,<4.0a0
  - tk >=8.6.11,<8.7.0a0
  - tzdata
  - xz >=5.2.5,<6.0.0a0
  constrains:
  - python_abi 3.10.* *_cp310
  license: Python-2.0
  purls: []
  size: 31281695
  timestamp: 1637376125446
- conda: https://conda.anaconda.org/conda-forge/linux-64/readline-8.3-hd6e31c0_1.conda
  sha256: 01b3fe073a66e321970d09e04b388708f8cbdca5cdfbfcb7c9eeb470ad10383d
  md5: 69c01c781e7c8190bbdaf79e3848c5ca
  depends:
  - __glibc >=2.17,<3.0.a0
  - libgcc >=15
  - ncurses >=6.6,<7.0a0
  license: GPL-3.0-only
  license_family: GPL
  purls: []
  size: 348899
  timestamp: 1787033801506
- pypi: https://files.pythonhosted.org/packages/a0/f4/c67b0b3f1b9245e8d266f0f112c500d50e5b4e83cb6f3b71b6528104182a/requests-2.34.2-py3-none-any.whl
  name: requests
  version: 2.34.2
  sha256: 2a0d60c172f83ac6ab31e4554906c0f3b3588d37b5cb939b1c061f4907e278e0
  requires_dist:
  - charset-normalizer>=2,<4
  - idna>=2.5,<4
  - urllib3>=1.26,<3
  - certifi>=2023.5.7
  - pysocks>=1.5.6,!=1.5.7 ; extra == 'socks'
  - chardet>=3.0.2,<8 ; extra == 'use-chardet-on-py3'
  requires_python: '>=3.10'
- pypi: https://files.pythonhosted.org/packages/67/f3/6cd296376653270ac1b423bb30bd70942d9916b6978c6f40472d6ac038e7/retrying-1.4.2-py3-none-any.whl
  name: retrying
  version: 1.4.2
  sha256: bbc004aeb542a74f3569aeddf42a2516efefcdaff90df0eb38fbfbf19f179f59
  requires_python: '>=3.6'
- pypi: https://files.pythonhosted.org/packages/95/9c/c510029fc6ef33a6275cd2c5d3cecd6613dfd6aa401d57c54f1c18852ccf/setuptools-84.0.0-py3-none-any.whl
  name: setuptools
  version: 84.0.0
  sha256: 51a52592b3b99e102b609654876bd65f19f999935166d1352678931132b0c670
  requires_dist:
  - pytest>=6,!=8.1.* ; extra == 'test'
  - virtualenv>=13.0.0 ; extra == 'test'
  - wheel>=0.44.0 ; extra == 'test'
  - pip>=19.1 ; extra == 'test'
  - packaging>=24.2 ; extra == 'test'
  - jaraco-envs>=2.2 ; extra == 'test'
  - pytest-xdist>=3 ; extra == 'test'
  - jaraco-path>=3.7.2 ; extra == 'test'
  - build[virtualenv]>=1.0.3 ; extra == 'test'
  - filelock>=3.4.0 ; extra == 'test'
  - ini2toml[lite]>=0.14 ; extra == 'test'
  - tomli-w>=1.0.0 ; extra == 'test'
  - pytest-timeout ; extra == 'test'
  - pytest-perf ; sys_platform != 'cygwin' and extra == 'test'
  - jaraco-develop>=7.21 ; python_full_version >= '3.9' and sys_platform != 'cygwin' and extra == 'test'
  - pytest-home>=0.5 ; extra == 'test'
  - pytest-subprocess ; extra == 'test'
  - pyproject-hooks!=1.1 ; extra == 'test'
  - jaraco-test>=5.5 ; extra == 'test'
  - sphinx>=3.5 ; extra == 'doc'
  - jaraco-packaging>=9.3 ; extra == 'doc'
  - rst-linker>=1.9 ; extra == 'doc'
  - furo ; extra == 'doc'
  - sphinx-lint ; extra == 'doc'
  - jaraco-tidelift>=1.4 ; extra == 'doc'
  - pygments-github-lexers==0.0.5 ; extra == 'doc'
  - sphinx-favicon ; extra == 'doc'
  - sphinx-inline-tabs ; extra == 'doc'
  - sphinx-reredirects ; extra == 'doc'
  - sphinxcontrib-towncrier ; extra == 'doc'
  - sphinx-notfound-page>=1,<2 ; extra == 'doc'
  - pyproject-hooks!=1.1 ; extra == 'doc'
  - towncrier<24.7 ; extra == 'doc'
  - packaging>=24.2 ; extra == 'core'
  - more-itertools>=8.8 ; extra == 'core'
  - jaraco-text>=3.7 ; extra == 'core'
  - importlib-metadata>=6 ; python_full_version < '3.10' and extra == 'core'
  - tomli>=2.0.1 ; python_full_version < '3.11' and extra == 'core'
  - wheel>=0.43.0 ; extra == 'core'
  - jaraco-functools>=4 ; extra == 'core'
  - more-itertools ; extra == 'core'
  - pytest-checkdocs>=2.14 ; extra == 'check'
  - pytest-ruff>=0.2.1 ; sys_platform != 'cygwin' and extra == 'check'
  - ruff>=0.13.0 ; sys_platform != 'cygwin' and extra == 'check'
  - pytest-cov ; extra == 'cover'
  - pytest-enabler>=3.4 ; extra == 'enabler'
  - pytest-mypy>=1.0.1 ; platform_python_implementation != 'PyPy' and extra == 'type'
  - mypy==1.18.* ; extra == 'type'
  - importlib-metadata>=7.0.2 ; python_full_version < '3.10' and extra == 'type'
  - jaraco-develop>=7.21 ; sys_platform != 'cygwin' and extra == 'type'
  requires_python: '>=3.10'
- conda: https://conda.anaconda.org/conda-forge/linux-64/sqlite-3.53.4-h9ffa6c4_1.conda
  sha256: b01812eff4e950a73933cb3dc14647a97ee377c7fab4858495b80a749ebfbf8b
  md5: d42b24574925bfa3167efb3571c905ad
  depends:
  - __glibc >=2.17,<3.0.a0
  - icu >=78.3,<79.0a0
  - libgcc >=15
  - libsqlite 3.53.4 h13e7031_1
  - libzlib >=1.3.2,<2.0a0
  - ncurses >=6.6,<7.0a0
  - readline >=8.3,<9.0a0
  license: blessing
  purls: []
  size: 205686
  timestamp: 1787051150973
- conda: https://conda.anaconda.org/conda-forge/linux-64/tk-8.6.13-noxft_h1df4ec4_4.conda
  build_number: 104
  sha256: a1a241d172c1ccab067ba245206dd048bc3c2d1b84504b53c9468e99adfc16a1
  md5: 676a2f9b1c4fcf57b70aa5c65f6c60d0
  depends:
  - libgcc >=15
  - __glibc >=2.17,<3.0.a0
  - libzlib >=1.3.2,<2.0a0
  constrains:
  - xorg-libx11 >=1.8.13,<2.0a0
  license: TCL
  purls: []
  size: 3566806
  timestamp: 1787272857910
- pypi: https://files.pythonhosted.org/packages/7b/61/cceae43728b7de99d9b847560c262873a1f6c98202171fd5ed62640b494b/tomli-2.4.1-py3-none-any.whl
  name: tomli
  version: 2.4.1
  sha256: 0d85819802132122da43cb86656f8d1f8c6587d54ae7dcaf30e90533028b49fe
  requires_python: '>=3.8'
- pypi: https://files.pythonhosted.org/packages/49/d3/b8441a820a491ddfc024b0b0cf0393375b75ea13866d9c66727e54c2fc80/typing_extensions-4.16.0-py3-none-any.whl
  name: typing-extensions
  version: 4.16.0
  sha256: 481caa481374e813c1b176ada14e97f1f67a4539ce9cfeb3f350d78d6370c2e8
  requires_python: '>=3.9'
- conda: https://conda.anaconda.org/conda-forge/noarch/tzdata-2026c-h151e31d_0.conda
  sha256: b928c30ddcb0e3f544c6eade8352737e6e610e263276b90232db6a578ef899d8
  md5: fcb489df604d100968b737f2cb6076c6
  license: LicenseRef-Public-Domain
  purls: []
  size: 118849
  timestamp: 1784250406640
- pypi: https://files.pythonhosted.org/packages/7f/3e/5db95bcf282c52709639744ca2a8b149baccf648e39c8cc87553df9eae0c/urllib3-2.7.0-py3-none-any.whl
  name: urllib3
  version: 2.7.0
  sha256: 9fb4c81ebbb1ce9531cce37674bbc6f1360472bc18ca9a553ede278ef7276897
  requires_dist:
  - brotli>=1.2.0 ; platform_python_implementation == 'CPython' and extra == 'brotli'
  - brotlicffi>=1.2.0.0 ; platform_python_implementation != 'CPython' and extra == 'brotli'
  - h2>=4,<5 ; extra == 'h2'
  - pysocks>=1.5.6,!=1.5.7,<2.0 ; extra == 'socks'
  - backports-zstd>=1.0.0 ; python_full_version < '3.14' and extra == 'zstd'
  requires_python: '>=3.10'
- pypi: https://files.pythonhosted.org/packages/6c/69/05837f91dfe42109203ffa3e488214ff86a6d68b2ed6c167da6cdc42349b/werkzeug-3.0.6-py3-none-any.whl
  name: werkzeug
  version: 3.0.6
  sha256: 1bc0c2310d2fbb07b1dd1105eba2f7af72f322e1e455f2f93c993bee8c8a5f17
  requires_dist:
  - markupsafe>=2.1.1
  - watchdog>=2.3 ; extra == 'watchdog'
  requires_python: '>=3.8'
- conda: https://conda.anaconda.org/conda-forge/linux-64/xz-5.8.3-ha02ee65_1.conda
  sha256: 547b2392d8f7b76efd4a0970946f6da2a1136ad5fe3dc936af81e02eb7181076
  md5: 36a079606b3aaf9d726211825f182452
  depends:
  - __glibc >=2.17,<3.0.a0
  - libgcc >=14
  - liblzma 5.8.3 hb03c661_1
  - liblzma-devel 5.8.3 hb03c661_1
  - xz-gpl-tools 5.8.3 ha02ee65_1
  - xz-tools 5.8.3 hb03c661_1
  license: 0BSD AND LGPL-2.1-or-later AND GPL-2.0-or-later
  purls: []
  size: 23610
  timestamp: 1786348658246
- conda: https://conda.anaconda.org/conda-forge/linux-64/xz-gpl-tools-5.8.3-ha02ee65_1.conda
  sha256: ed6dbec5e4f0f71e7ac629b90dc4c9fba38d194cc88eab891c29e461b408977a
  md5: 137db930adb0b3c5407485e0e1a50cfa
  depends:
  - __glibc >=2.17,<3.0.a0
  - libgcc >=14
  - liblzma 5.8.3 hb03c661_1
  constrains:
  - xz 5.8.3.*
  license: 0BSD AND LGPL-2.1-or-later AND GPL-2.0-or-later
  purls: []
  size: 40118
  timestamp: 1786348648882
- conda: https://conda.anaconda.org/conda-forge/linux-64/xz-tools-5.8.3-hb03c661_1.conda
  sha256: c74fa3eddd3ea648456517948f85068d8a07acad7752fd83c7e95b6cebb7114a
  md5: 10d693a2db6e8339e4eebcb3a3dae88d
  depends:
  - __glibc >=2.17,<3.0.a0
  - libgcc >=14
  - liblzma 5.8.3 hb03c661_1
  constrains:
  - xz 5.8.3.*
  license: 0BSD AND LGPL-2.1-or-later
  purls: []
  size: 96459
  timestamp: 1786348637686
- pypi: https://files.pythonhosted.org/packages/3a/13/547360d81e6d88d58492968ffda9f9542854f11310ee556fef14260cc886/zipp-4.1.0-py3-none-any.whl
  name: zipp
  version: 4.1.0
  sha256: 25ad4e16390cd314347dd8f1de67a2ac538ae658ed4ab9db16029c07c188e97f
  requires_dist:
  - pytest>=6,!=8.1.* ; extra == 'test'
  - jaraco-itertools ; extra == 'test'
  - jaraco-functools ; extra == 'test'
  - more-itertools ; extra == 'test'
  - big-o ; extra == 'test'
  - pytest-ignore-flaky ; extra == 'test'
  - jaraco-test ; extra == 'test'
  - sphinx>=3.5 ; extra == 'doc'
  - jaraco-packaging>=9.3 ; extra == 'doc'
  - rst-linker>=1.9 ; extra == 'doc'
  - furo ; extra == 'doc'
  - sphinx-lint ; extra == 'doc'
  - jaraco-tidelift>=1.4 ; extra == 'doc'
  - pytest-checkdocs>=2.14 ; extra == 'check'
  - pytest-ruff>=0.2.1 ; sys_platform != 'cygwin' and extra == 'check'
  - pytest-cov ; extra == 'cover'
  - pytest-enabler>=3.4 ; extra == 'enabler'
  - pytest-mypy>=1.0.1 ; platform_python_implementation != 'PyPy' and extra == 'type'
  requires_python: '>=3.10'
- conda: https://conda.anaconda.org/conda-forge/linux-64/zstd-1.5.7-hb78ec9c_7.conda
  sha256: 47d682b9f6d6ec9eb1a6e6c3e75ea6273e899e78fb7fc59f81d39745009fbc60
  md5: aa459086047c0e5e27023ab19f8cb86a
  depends:
  - __glibc >=2.17,<3.0.a0
  - libzlib >=1.3.2,<2.0a0
  license: BSD-3-Clause
  license_family: BSD
  purls: []
  size: 601301
  timestamp: 1786599621503
